{
  "name": "html-docx-converter",
  "version": "1.0.0",
  "lockfileVersion": 3,
  "requires": true,
  "packages": {
    "": {
      "name": "html-docx-converter",
      "version": "1.0.0",
      "license": "ISC",
      "dependencies": {
        "buffer": "^6.0.3",
        "html-docx-js": "^0.3.1"
      },
      "devDependencies": {
        "@types/blob-to-buffer": "^1.2.2",
        "@types/html-docx-js": "^0.3.4",
        "@types/node": "^20.14.12",
        "typescript": "^5.5.4"
      }
    },
    "node_modules/@types/blob-to-buffer": {
      "version": "1.2.2",
      "resolved": "https://registry.npmjs.org/@types/blob-to-buffer/-/blob-to-buffer-1.2.2.tgz",
      "integrity": "sha512-bgfMc/Xc9XzL8ZDYPv9cVoxG5ICNiUZ5Y3j6061TCjLEU9JYgSwZq/JLlPU0DOgB8iLCbH7c0XV4FN4ARPQCdg==",
      "dev": true,
      "dependencies": {
        "@types/node": "*"
      }
    },
    "node_modules/@types/html-docx-js": {
      "version": "0.3.4",
      "resolved": "https://registry.npmjs.org/@types/html-docx-js/-/html-docx-js-0.3.4.tgz",
      "integrity": "sha512-+t/4SxNnEq+0xbSUG7LrOOfG/y12aTXBjYKtOYtigVRIIOCEmK7jh0pSUeW5ATvI934274hkzdBg57t5RDrZow==",
      "dev": true,
      "dependencies": {
        "@types/node": "*"
      }
    },
    "node_modules/@types/node": {
      "version": "20.14.12",
      "resolved": "https://registry.npmjs.org/@types/node/-/node-20.14.12.tgz",
      "integrity": "sha512-r7wNXakLeSsGT0H1AU863vS2wa5wBOK4bWMjZz2wj+8nBx+m5PeIn0k8AloSLpRuiwdRQZwarZqHE4FNArPuJQ==",
      "dev": true,
      "dependencies": {
        "undici-types": "~5.26.4"
      }
    },
    "node_modules/base64-js": {
      "version": "1.5.1",
      "resolved": "https://registry.npmjs.org/base64-js/-/base64-js-1.5.1.tgz",
      "integrity": "sha512-AKpaYlHn8t4SVbOHCy+b5+KKgvR4vrsD8vbvrbiQJps7fKDTkjkDry6ji0rUJjC0kzbNePLwzxq8iypo41qeWA==",
      "funding": [
        {
          "type": "github",
          "url": "https://github.com/sponsors/feross"
        },
        {
          "type": "patreon",
          "url": "https://www.patreon.com/feross"
        },
        {
          "type": "consulting",
          "url": "https://feross.org/support"
        }
      ]
    },
    "node_modules/buffer": {
      "version": "6.0.3",
      "resolved": "https://registry.npmjs.org/buffer/-/buffer-6.0.3.tgz",
      "integrity": "sha512-FTiCpNxtwiZZHEZbcbTIcZjERVICn9yq/pDFkTl95/AxzD1naBctN7YO68riM/gLSDY7sdrMby8hofADYuuqOA==",
      "funding": [
        {
          "type": "github",
          "url": "https://github.com/sponsors/feross"
        },
        {
          "type": "patreon",
          "url": "https://www.patreon.com/feross"
        },
        {
          "type": "consulting",
          "url": "https://feross.org/support"
        }
      ],
      "dependencies": {
        "base64-js": "^1.3.1",
        "ieee754": "^1.2.1"
      }
    },
    "node_modules/html-docx-js": {
      "version": "0.3.1",
      "resolved": "https://registry.npmjs.org/html-docx-js/-/html-docx-js-0.3.1.tgz",
      "integrity": "sha512-QSrMiRhxesqxYCa3f+2Z3ttIHPzSjDOL1tCOmIDIEET7HdabxXND6tAbsFMXAgRG4RADQ3wbl74ydMmjidaDPA==",
      "dependencies": {
        "jszip": "^2.3.0",
        "lodash.escape": "^3.0.0",
        "lodash.merge": "^3.2.0"
      }
    },
    "node_modules/ieee754": {
      "version": "1.2.1",
      "resolved": "https://registry.npmjs.org/ieee754/-/ieee754-1.2.1.tgz",
      "integrity": "sha512-dcyqhDvX1C46lXZcVqCpK+FtMRQVdIMN6/Df5js2zouUsqG7I6sFxitIC+7KYK29KdXOLHdu9zL4sFnoVQnqaA==",
      "funding": [
        {
          "type": "github",
          "url": "https://github.com/sponsors/feross"
        },
        {
          "type": "patreon",
          "url": "https://www.patreon.com/feross"
        },
        {
          "type": "consulting",
          "url": "https://feross.org/support"
        }
      ]
    },
    "node_modules/jszip": {
      "version": "2.7.0",
      "resolved": "https://registry.npmjs.org/jszip/-/jszip-2.7.0.tgz",
      "integrity": "sha512-JIsRKRVC3gTRo2vM4Wy9WBC3TRcfnIZU8k65Phi3izkvPH975FowRYtKGT6PxevA0XnJ/yO8b0QwV0ydVyQwfw==",
      "dependencies": {
        "pako": "~1.0.2"
      }
    },
    "node_modules/lodash._arraycopy": {
      "version": "3.0.0",
      "resolved": "https://registry.npmjs.org/lodash._arraycopy/-/lodash._arraycopy-3.0.0.tgz",
      "integrity": "sha512-RHShTDnPKP7aWxlvXKiDT6IX2jCs6YZLCtNhOru/OX2Q/tzX295vVBK5oX1ECtN+2r86S0Ogy8ykP1sgCZAN0A=="
    },
    "node_modules/lodash._arrayeach": {
      "version": "3.0.0",
      "resolved": "https://registry.npmjs.org/lodash._arrayeach/-/lodash._arrayeach-3.0.0.tgz",
      "integrity": "sha512-Mn7HidOVcl3mkQtbPsuKR0Fj0N6Q6DQB77CtYncZcJc0bx5qv2q4Gl6a0LC1AN+GSxpnBDNnK3CKEm9XNA4zqQ=="
    },
    "node_modules/lodash._basecopy": {
      "version": "3.0.1",
      "resolved": "https://registry.npmjs.org/lodash._basecopy/-/lodash._basecopy-3.0.1.tgz",
      "integrity": "sha512-rFR6Vpm4HeCK1WPGvjZSJ+7yik8d8PVUdCJx5rT2pogG4Ve/2ZS7kfmO5l5T2o5V2mqlNIfSF5MZlr1+xOoYQQ=="
    },
    "node_modules/lodash._basefor": {
      "version": "3.0.3",
      "resolved": "https://registry.npmjs.org/lodash._basefor/-/lodash._basefor-3.0.3.tgz",
      "integrity": "sha512-6bc3b8grkpMgDcVJv9JYZAk/mHgcqMljzm7OsbmcE2FGUMmmLQTPHlh/dFqR8LA0GQ7z4K67JSotVKu5058v1A=="
    },
    "node_modules/lodash._bindcallback": {
      "version": "3.0.1",
      "resolved": "https://registry.npmjs.org/lodash._bindcallback/-/lodash._bindcallback-3.0.1.tgz",
      "integrity": "sha512-2wlI0JRAGX8WEf4Gm1p/mv/SZ+jLijpj0jyaE/AXeuQphzCgD8ZQW4oSpoN8JAopujOFGU3KMuq7qfHBWlGpjQ=="
    },
    "node_modules/lodash._createassigner": {
      "version": "3.1.1",
      "resolved": "https://registry.npmjs.org/lodash._createassigner/-/lodash._createassigner-3.1.1.tgz",
      "integrity": "sha512-LziVL7IDnJjQeeV95Wvhw6G28Z8Q6da87LWKOPWmzBLv4u6FAT/x5v00pyGW0u38UoogNF2JnD3bGgZZDaNEBw==",
      "dependencies": {
        "lodash._bindcallback": "^3.0.0",
        "lodash._isiterateecall": "^3.0.0",
        "lodash.restparam": "^3.0.0"
      }
    },
    "node_modules/lodash._getnative": {
      "version": "3.9.1",
      "resolved": "https://registry.npmjs.org/lodash._getnative/-/lodash._getnative-3.9.1.tgz",
      "integrity": "sha512-RrL9VxMEPyDMHOd9uFbvMe8X55X16/cGM5IgOKgRElQZutpX89iS6vwl64duTV1/16w5JY7tuFNXqoekmh1EmA=="
    },
    "node_modules/lodash._isiterateecall": {
      "version": "3.0.9",
      "resolved": "https://registry.npmjs.org/lodash._isiterateecall/-/lodash._isiterateecall-3.0.9.tgz",
      "integrity": "sha512-De+ZbrMu6eThFti/CSzhRvTKMgQToLxbij58LMfM8JnYDNSOjkjTCIaa8ixglOeGh2nyPlakbt5bJWJ7gvpYlQ=="
    },
    "node_modules/lodash._root": {
      "version": "3.0.1",
      "resolved": "https://registry.npmjs.org/lodash._root/-/lodash._root-3.0.1.tgz",
      "integrity": "sha512-O0pWuFSK6x4EXhM1dhZ8gchNtG7JMqBtrHdoUFUWXD7dJnNSUze1GuyQr5sOs0aCvgGeI3o/OJW8f4ca7FDxmQ=="
    },
    "node_modules/lodash.escape": {
      "version": "3.2.0",
      "resolved": "https://registry.npmjs.org/lodash.escape/-/lodash.escape-3.2.0.tgz",
      "integrity": "sha512-n1PZMXgaaDWZDSvuNZ/8XOcYO2hOKDqZel5adtR30VKQAtoWs/5AOeFA0vPV8moiPzlqe7F4cP2tzpFewQyelQ==",
      "dependencies": {
        "lodash._root": "^3.0.0"
      }
    },
    "node_modules/lodash.isarguments": {
      "version": "3.1.0",
      "resolved": "https://registry.npmjs.org/lodash.isarguments/-/lodash.isarguments-3.1.0.tgz",
      "integrity": "sha512-chi4NHZlZqZD18a0imDHnZPrDeBbTtVN7GXMwuGdRH9qotxAjYs3aVLKc7zNOG9eddR5Ksd8rvFEBc9SsggPpg=="
    },
    "node_modules/lodash.isarray": {
      "version": "3.0.4",
      "resolved": "https://registry.npmjs.org/lodash.isarray/-/lodash.isarray-3.0.4.tgz",
      "integrity": "sha512-JwObCrNJuT0Nnbuecmqr5DgtuBppuCvGD9lxjFpAzwnVtdGoDQ1zig+5W8k5/6Gcn0gZ3936HDAlGd28i7sOGQ=="
    },
    "node_modules/lodash.isplainobject": {
      "version": "3.2.0",
      "resolved": "https://registry.npmjs.org/lodash.isplainobject/-/lodash.isplainobject-3.2.0.tgz",
      "integrity": "sha512-P4wZnho5curNqeEq/x292Pb57e1v+woR7DJ84DURelKB46lby8aDEGVobSaYtzHdQBWQrJSdxcCwjlGOvvdIyg==",
      "dependencies": {
        "lodash._basefor": "^3.0.0",
        "lodash.isarguments": "^3.0.0",
        "lodash.keysin": "^3.0.0"
      }
    },
    "node_modules/lodash.istypedarray": {
      "version": "3.0.6",
      "resolved": "https://registry.npmjs.org/lodash.istypedarray/-/lodash.istypedarray-3.0.6.tgz",
      "integrity": "sha512-lGWJ6N8AA3KSv+ZZxlTdn4f6A7kMfpJboeyvbFdE7IU9YAgweODqmOgdUHOA+c6lVWeVLysdaxciFXi+foVsWw=="
    },
    "node_modules/lodash.keys": {
      "version": "3.1.2",
      "resolved": "https://registry.npmjs.org/lodash.keys/-/lodash.keys-3.1.2.tgz",
      "integrity": "sha512-CuBsapFjcubOGMn3VD+24HOAPxM79tH+V6ivJL3CHYjtrawauDJHUk//Yew9Hvc6e9rbCrURGk8z6PC+8WJBfQ==",
      "dependencies": {
        "lodash._getnative": "^3.0.0",
        "lodash.isarguments": "^3.0.0",
        "lodash.isarray": "^3.0.0"
      }
    },
    "node_modules/lodash.keysin": {
      "version": "3.0.8",
      "resolved": "https://registry.npmjs.org/lodash.keysin/-/lodash.keysin-3.0.8.tgz",
      "integrity": "sha512-YDB/5xkL3fBKFMDaC+cfGV00pbiJ6XoJIfRmBhv7aR6wWtbCW6IzkiWnTfkiHTF6ALD7ff83dAtB3OEaSoyQPg==",
      "dependencies": {
        "lodash.isarguments": "^3.0.0",
        "lodash.isarray": "^3.0.0"
      }
    },
    "node_modules/lodash.merge": {
      "version": "3.3.2",
      "resolved": "https://registry.npmjs.org/lodash.merge/-/lodash.merge-3.3.2.tgz",
      "integrity": "sha512-ZgGZpRhWLjivGUbjtApZR4HyLv/UAyoYqESVYkK4aLBJVHRrbFpG+GNnE9JPijliME4LkKM0SFI/WyOiBiv1+w==",
      "dependencies": {
        "lodash._arraycopy": "^3.0.0",
        "lodash._arrayeach": "^3.0.0",
        "lodash._createassigner": "^3.0.0",
        "lodash._getnative": "^3.0.0",
        "lodash.isarguments": "^3.0.0",
        "lodash.isarray": "^3.0.0",
        "lodash.isplainobject": "^3.0.0",
        "lodash.istypedarray": "^3.0.0",
        "lodash.keys": "^3.0.0",
        "lodash.keysin": "^3.0.0",
        "lodash.toplainobject": "^3.0.0"
      }
    },
    "node_modules/lodash.restparam": {
      "version": "3.6.1",
      "resolved": "https://registry.npmjs.org/lodash.restparam/-/lodash.restparam-3.6.1.tgz",
      "integrity": "sha512-L4/arjjuq4noiUJpt3yS6KIKDtJwNe2fIYgMqyYYKoeIfV1iEqvPwhCx23o+R9dzouGihDAPN1dTIRWa7zk8tw=="
    },
    "node_modules/lodash.toplainobject": {
      "version": "3.0.0",
      "resolved": "https://registry.npmjs.org/lodash.toplainobject/-/lodash.toplainobject-3.0.0.tgz",
      "integrity": "sha512-wMI0Ju1bvSmnBS3EcRRH/3zDnZOPpDtMtNDzbbNMKuTrEpALsf+sPyMeogmv63Y11qZQO7H1xFzohIEGRMjPYA==",
      "dependencies": {
        "lodash._basecopy": "^3.0.0",
        "lodash.keysin": "^3.0.0"
      }
    },
    "node_modules/pako": {
      "version": "1.0.11",
      "resolved": "https://registry.npmjs.org/pako/-/pako-1.0.11.tgz",
      "integrity": "sha512-4hLB8Py4zZce5s4yd9XzopqwVv/yGNhV1Bl8NTmCq1763HeK2+EwVTv+leGeL13Dnh2wfbqowVPXCIO0z4taYw=="
    },
    "node_modules/typescript": {
      "version": "5.5.4",
      "resolved": "https://registry.npmjs.org/typescript/-/typescript-5.5.4.tgz",
      "integrity": "sha512-Mtq29sKDAEYP7aljRgtPOpTvOfbwRWlS6dPRzwjdE+C0R4brX/GUyhHSecbHMFLNBLcJIPt9nl9yG5TZ1weH+Q==",
      "dev": true,
      "bin": {
        "tsc": "bin/tsc",
        "tsserver": "bin/tsserver"
      },
      "engines": {
        "node": ">=14.17"
      }
    },
    "node_modules/undici-types": {
      "version": "5.26.5",
      "resolved": "https://registry.npmjs.org/undici-types/-/undici-types-5.26.5.tgz",
      "integrity": "sha512-JlCMO+ehdEIKqlFxk6IfVoAUVmgz7cU7zD/h9XZ0qzeosSHmUJVOzSQvvYSYWXkFXC+IfLKSIffhv0sVZup6pA==",
      "dev": true
    }
  }
}
